// !$*UTF8*$!
{
	archiveVersion = 1;
	classes = {
	};
	objectVersion = 46;
	objects = {

/* Begin PBXBuildFile section */
		66607F2119DCF84E000DC2A1 /* main.m in Sources */ = {isa = PBXBuildFile; fileRef = 66607F2019DCF84E000DC2A1 /* main.m */; };
		66607F2419DCF84E000DC2A1 /* AppDelegate.m in Sources */ = {isa = PBXBuildFile; fileRef = 66607F2319DCF84E000DC2A1 /* AppDelegate.m */; };
		66607F2719DCF84E000DC2A1 /* bartndrapp.xcdatamodeld in Sources */ = {isa = PBXBuildFile; fileRef = 66607F2519DCF84E000DC2A1 /* bartndrapp.xcdatamodeld */; };
		66607F2A19DCF84E000DC2A1 /* BTViewController.m in Sources */ = {isa = PBXBuildFile; fileRef = 66607F2919DCF84E000DC2A1 /* BTViewController.m */; };
		66607F2D19DCF84E000DC2A1 /* Main.storyboard in Resources */ = {isa = PBXBuildFile; fileRef = 66607F2B19DCF84E000DC2A1 /* Main.storyboard */; };
		66607F2F19DCF84E000DC2A1 /* Images.xcassets in Resources */ = {isa = PBXBuildFile; fileRef = 66607F2E19DCF84E000DC2A1 /* Images.xcassets */; };
		66607F3219DCF84E000DC2A1 /* LaunchScreen.xib in Resources */ = {isa = PBXBuildFile; fileRef = 66607F3019DCF84E000DC2A1 /* LaunchScreen.xib */; };
		66607F3E19DCF84E000DC2A1 /* bartndrappTests.m in Sources */ = {isa = PBXBuildFile; fileRef = 66607F3D19DCF84E000DC2A1 /* bartndrappTests.m */; };
		FC0145589DD183AA5793632D /* libPods-bartndrapp.a in Frameworks */ = {isa = PBXBuildFile; fileRef = EB052CAC210D4535C1B5F771 /* libPods-bartndrapp.a */; };
/* End PBXBuildFile section */

/* Begin PBXContainerItemProxy section */
		66607F3819DCF84E000DC2A1 /* PBXContainerItemProxy */ = {
			isa = PBXContainerItemProxy;
			containerPortal = 66607F1319DCF84E000DC2A1 /* Project object */;
			proxyType = 1;
			remoteGlobalIDString = 66607F1A19DCF84E000DC2A1;
			remoteInfo = bartndrapp;
		};
/* End PBXContainerItemProxy section */

/* Begin PBXFileReference section */
		4135CCB632699BB514043965 /* Pods-bartndrapp.release.xcconfig */ = {isa = PBXFileReference; includeInIndex = 1; lastKnownFileType = text.xcconfig; name = "Pods-bartndrapp.release.xcconfig"; path = "Pods/Target Support Files/Pods-bartndrapp/Pods-bartndrapp.release.xcconfig"; sourceTree = "<group>"; };
		573124B86617D549EE96835E /* Pods-bartndrapp.debug.xcconfig */ = {isa = PBXFileReference; includeInIndex = 1; lastKnownFileType = text.xcconfig; name = "Pods-bartndrapp.debug.xcconfig"; path = "Pods/Target Support Files/Pods-bartndrapp/Pods-bartndrapp.debug.xcconfig"; sourceTree = "<group>"; };
		66607F1B19DCF84E000DC2A1 /* bartndrapp.app */ = {isa = PBXFileReference; explicitFileType = wrapper.application; includeInIndex = 0; path = bartndrapp.app; sourceTree = BUILT_PRODUCTS_DIR; };
		66607F1F19DCF84E000DC2A1 /* Info.plist */ = {isa = PBXFileReference; lastKnownFileType = text.plist.xml; path = Info.plist; sourceTree = "<group>"; };
		66607F2019DCF84E000DC2A1 /* main.m */ = {isa = PBXFileReference; lastKnownFileType = sourcecode.c.objc; path = main.m; sourceTree = "<group>"; };
		66607F2219DCF84E000DC2A1 /* AppDelegate.h */ = {isa = PBXFileReference; lastKnownFileType = sourcecode.c.h; path = AppDelegate.h; sourceTree = "<group>"; };
		66607F2319DCF84E000DC2A1 /* AppDelegate.m */ = {isa = PBXFileReference; lastKnownFileType = sourcecode.c.objc; path = AppDelegate.m; sourceTree = "<group>"; };
		66607F2619DCF84E000DC2A1 /* bartndrapp.xcdatamodel */ = {isa = PBXFileReference; lastKnownFileType = wrapper.xcdatamodel; path = bartndrapp.xcdatamodel; sourceTree = "<group>"; };
		66607F2819DCF84E000DC2A1 /* BTViewController.h */ = {isa = PBXFileReference; lastKnownFileType = sourcecode.c.h; path = BTViewController.h; sourceTree = "<group>"; };
		66607F2919DCF84E000DC2A1 /* BTViewController.m */ = {isa = PBXFileReference; lastKnownFileType = sourcecode.c.objc; path = BTViewController.m; sourceTree = "<group>"; };
		66607F2C19DCF84E000DC2A1 /* Base */ = {isa = PBXFileReference; lastKnownFileType = file.storyboard; name = Base; path = Base.lproj/Main.storyboard; sourceTree = "<group>"; };
		66607F2E19DCF84E000DC2A1 /* Images.xcassets */ = {isa = PBXFileReference; lastKnownFileType = folder.assetcatalog; path = Images.xcassets; sourceTree = "<group>"; };
		66607F3119DCF84E000DC2A1 /* Base */ = {isa = PBXFileReference; lastKnownFileType = file.xib; name = Base; path = Base.lproj/LaunchScreen.xib; sourceTree = "<group>"; };
		66607F3719DCF84E000DC2A1 /* bartndrappTests.xctest */ = {isa = PBXFileReference; explicitFileType = wrapper.cfbundle; includeInIndex = 0; path = bartndrappTests.xctest; sourceTree = BUILT_PRODUCTS_DIR; };
		66607F3C19DCF84E000DC2A1 /* Info.plist */ = {isa = PBXFileReference; lastKnownFileType = text.plist.xml; path = Info.plist; sourceTree = "<group>"; };
		66607F3D19DCF84E000DC2A1 /* bartndrappTests.m */ = {isa = PBXFileReference; lastKnownFileType = sourcecode.c.objc; path = bartndrappTests.m; sourceTree = "<group>"; };
		EB052CAC210D4535C1B5F771 /* libPods-bartndrapp.a */ = {isa = PBXFileReference; explicitFileType = archive.ar; includeInIndex = 0; path = "libPods-bartndrapp.a"; sourceTree = BUILT_PRODUCTS_DIR; };
/* End PBXFileReference section */

/* Begin PBXFrameworksBuildPhase section */
		66607F1819DCF84E000DC2A1 /* Frameworks */ = {
			isa = PBXFrameworksBuildPhase;
			buildActionMask = 2147483647;
			files = (
				FC0145589DD183AA5793632D /* libPods-bartndrapp.a in Frameworks */,
			);
			runOnlyForDeploymentPostprocessing = 0;
		};
		66607F3419DCF84E000DC2A1 /* Frameworks */ = {
			isa = PBXFrameworksBuildPhase;
			buildActionMask = 2147483647;
			files = (
			);
			runOnlyForDeploymentPostprocessing = 0;
		};
/* End PBXFrameworksBuildPhase section */

/* Begin PBXGroup section */
		6645905B19DD024100B82777 /* ViewControllers */ = {
			isa = PBXGroup;
			children = (
			);
			name = ViewControllers;
			sourceTree = "<group>";
		};
		6645905C19DD024700B82777 /* Models */ = {
			isa = PBXGroup;
			children = (
			);
			name = Models;
			sourceTree = "<group>";
		};
		6645905D19DD025400B82777 /* OperationControllers */ = {
			isa = PBXGroup;
			children = (
			);
			name = OperationControllers;
			sourceTree = "<group>";
		};
		66607F1219DCF84E000DC2A1 = {
			isa = PBXGroup;
			children = (
				66607F1D19DCF84E000DC2A1 /* bartndrapp */,
				66607F3A19DCF84E000DC2A1 /* bartndrappTests */,
				66607F1C19DCF84E000DC2A1 /* Products */,
				E69215C90129EECBDF89E4D4 /* Pods */,
				A35419E3859DD061842C8261 /* Frameworks */,
			);
			sourceTree = "<group>";
		};
		66607F1C19DCF84E000DC2A1 /* Products */ = {
			isa = PBXGroup;
			children = (
				66607F1B19DCF84E000DC2A1 /* bartndrapp.app */,
				66607F3719DCF84E000DC2A1 /* bartndrappTests.xctest */,
			);
			name = Products;
			sourceTree = "<group>";
		};
		66607F1D19DCF84E000DC2A1 /* bartndrapp */ = {
			isa = PBXGroup;
			children = (
				6645905D19DD025400B82777 /* OperationControllers */,
				6645905C19DD024700B82777 /* Models */,
				6645905B19DD024100B82777 /* ViewControllers */,
				66607F2219DCF84E000DC2A1 /* AppDelegate.h */,
				66607F2319DCF84E000DC2A1 /* AppDelegate.m */,
				66607F2819DCF84E000DC2A1 /* BTViewController.h */,
				66607F2919DCF84E000DC2A1 /* BTViewController.m */,
				66607F2B19DCF84E000DC2A1 /* Main.storyboard */,
				66607F2E19DCF84E000DC2A1 /* Images.xcassets */,
				66607F3019DCF84E000DC2A1 /* LaunchScreen.xib */,
				66607F2519DCF84E000DC2A1 /* bartndrapp.xcdatamodeld */,
				66607F1E19DCF84E000DC2A1 /* Supporting Files */,
			);
			path = bartndrapp;
			sourceTree = "<group>";
		};
		66607F1E19DCF84E000DC2A1 /* Supporting Files */ = {
			isa = PBXGroup;
			children = (
				66607F1F19DCF84E000DC2A1 /* Info.plist */,
				66607F2019DCF84E000DC2A1 /* main.m */,
			);
			name = "Supporting Files";
			sourceTree = "<group>";
		};
		66607F3A19DCF84E000DC2A1 /* bartndrappTests */ = {
			isa = PBXGroup;
			children = (
				66607F3D19DCF84E000DC2A1 /* bartndrappTests.m */,
				66607F3B19DCF84E000DC2A1 /* Supporting Files */,
			);
			path = bartndrappTests;
			sourceTree = "<group>";
		};
		66607F3B19DCF84E000DC2A1 /* Supporting Files */ = {
			isa = PBXGroup;
			children = (
				66607F3C19DCF84E000DC2A1 /* Info.plist */,
			);
			name = "Supporting Files";
			sourceTree = "<group>";
		};
		A35419E3859DD061842C8261 /* Frameworks */ = {
			isa = PBXGroup;
			children = (
				EB052CAC210D4535C1B5F771 /* libPods-bartndrapp.a */,
			);
			name = Frameworks;
			sourceTree = "<group>";
		};
		E69215C90129EECBDF89E4D4 /* Pods */ = {
			isa = PBXGroup;
			children = (
				573124B86617D549EE96835E /* Pods-bartndrapp.debug.xcconfig */,
				4135CCB632699BB514043965 /* Pods-bartndrapp.release.xcconfig */,
			);
			name = Pods;
			sourceTree = "<group>";
		};
/* End PBXGroup section */

/* Begin PBXNativeTarget section */
		66607F1A19DCF84E000DC2A1 /* bartndrapp */ = {
			isa = PBXNativeTarget;
			buildConfigurationList = 66607F4119DCF84E000DC2A1 /* Build configuration list for PBXNativeTarget "bartndrapp" */;
			buildPhases = (
				C5641FDEDAA72AEAD000846A /* Check Pods Manifest.lock */,
				66607F1719DCF84E000DC2A1 /* Sources */,
				66607F1819DCF84E000DC2A1 /* Frameworks */,
				66607F1919DCF84E000DC2A1 /* Resources */,
				DDA26E1455101E5DEB520D4D /* Copy Pods Resources */,
			);
			buildRules = (
			);
			dependencies = (
			);
			name = bartndrapp;
			productName = bartndrapp;
			productReference = 66607F1B19DCF84E000DC2A1 /* bartndrapp.app */;
			productType = "com.apple.product-type.application";
		};
		66607F3619DCF84E000DC2A1 /* bartndrappTests */ = {
			isa = PBXNativeTarget;
			buildConfigurationList = 66607F4419DCF84E000DC2A1 /* Build configuration list for PBXNativeTarget "bartndrappTests" */;
			buildPhases = (
				66607F3319DCF84E000DC2A1 /* Sources */,
				66607F3419DCF84E000DC2A1 /* Frameworks */,
				66607F3519DCF84E000DC2A1 /* Resources */,
			);
			buildRules = (
			);
			dependencies = (
				66607F3919DCF84E000DC2A1 /* PBXTargetDependency */,
			);
			name = bartndrappTests;
			productName = bartndrappTests;
			productReference = 66607F3719DCF84E000DC2A1 /* bartndrappTests.xctest */;
			productType = "com.apple.product-type.bundle.unit-test";
		};
/* End PBXNativeTarget section */

/* Begin PBXProject section */
		66607F1319DCF84E000DC2A1 /* Project object */ = {
			isa = PBXProject;
			attributes = {
				CLASSPREFIX = BT;
				LastUpgradeCheck = 0600;
				ORGANIZATIONNAME = Bartndr;
				TargetAttributes = {
					66607F1A19DCF84E000DC2A1 = {
						CreatedOnToolsVersion = 6.0.1;
						DevelopmentTeam = NYZ5F762RB;
					};
					66607F3619DCF84E000DC2A1 = {
						CreatedOnToolsVersion = 6.0.1;
						TestTargetID = 66607F1A19DCF84E000DC2A1;
					};
				};
			};
			buildConfigurationList = 66607F1619DCF84E000DC2A1 /* Build configuration list for PBXProject "bartndrapp" */;
			compatibilityVersion = "Xcode 3.2";
			developmentRegion = English;
			hasScannedForEncodings = 0;
			knownRegions = (
				en,
				Base,
			);
			mainGroup = 66607F1219DCF84E000DC2A1;
			productRefGroup = 66607F1C19DCF84E000DC2A1 /* Products */;
			projectDirPath = "";
			projectRoot = "";
			targets = (
				66607F1A19DCF84E000DC2A1 /* bartndrapp */,
				66607F3619DCF84E000DC2A1 /* bartndrappTests */,
			);
		};
/* End PBXProject section */

/* Begin PBXResourcesBuildPhase section */
		66607F1919DCF84E000DC2A1 /* Resources */ = {
			isa = PBXResourcesBuildPhase;
			buildActionMask = 2147483647;
			files = (
				66607F2D19DCF84E000DC2A1 /* Main.storyboard in Resources */,
				66607F3219DCF84E000DC2A1 /* LaunchScreen.xib in Resources */,
				66607F2F19DCF84E000DC2A1 /* Images.xcassets in Resources */,
			);
			runOnlyForDeploymentPostprocessing = 0;
		};
		66607F3519DCF84E000DC2A1 /* Resources */ = {
			isa = PBXResourcesBuildPhase;
			buildActionMask = 2147483647;
			files = (
			);
			runOnlyForDeploymentPostprocessing = 0;
		};
/* End PBXResourcesBuildPhase section */

/* Begin PBXShellScriptBuildPhase section */
		C5641FDEDAA72AEAD000846A /* Check Pods Manifest.lock */ = {
			isa = PBXShellScriptBuildPhase;
			buildActionMask = 2147483647;
			files = (
			);
			inputPaths = (
			);
			name = "Check Pods Manifest.lock";
			outputPaths = (
			);
			runOnlyForDeploymentPostprocessing = 0;
			shellPath = /bin/sh;
			shellScript = "diff \"${PODS_ROOT}/../Podfile.lock\" \"${PODS_ROOT}/Manifest.lock\" > /dev/null\nif [[ $? != 0 ]] ; then\n    cat << EOM\nerror: The sandbox is not in sync with the Podfile.lock. Run 'pod install' or update your CocoaPods installation.\nEOM\n    exit 1\nfi\n";
			showEnvVarsInLog = 0;
		};
		DDA26E1455101E5DEB520D4D /* Copy Pods Resources */ = {
			isa = PBXShellScriptBuildPhase;
			buildActionMask = 2147483647;
			files = (
			);
			inputPaths = (
			);
			name = "Copy Pods Resources";
			outputPaths = (
			);
			runOnlyForDeploymentPostprocessing = 0;
			shellPath = /bin/sh;
			shellScript = "\"${SRCROOT}/Pods/Target Support Files/Pods-bartndrapp/Pods-bartndrapp-resources.sh\"\n";
			showEnvVarsInLog = 0;
		};
/* End PBXShellScriptBuildPhase section */

/* Begin PBXSourcesBuildPhase section */
		66607F1719DCF84E000DC2A1 /* Sources */ = {
			isa = PBXSourcesBuildPhase;
			buildActionMask = 2147483647;
			files = (
				66607F2719DCF84E000DC2A1 /* bartndrapp.xcdatamodeld in Sources */,
				66607F2419DCF84E000DC2A1 /* AppDelegate.m in Sources */,
				66607F2A19DCF84E000DC2A1 /* BTViewController.m in Sources */,
				66607F2119DCF84E000DC2A1 /* main.m in Sources */,
			);
			runOnlyForDeploymentPostprocessing = 0;
		};
		66607F3319DCF84E000DC2A1 /* Sources */ = {
			isa = PBXSourcesBuildPhase;
			buildActionMask = 2147483647;
			files = (
				66607F3E19DCF84E000DC2A1 /* bartndrappTests.m in Sources */,
			);
			runOnlyForDeploymentPostprocessing = 0;
		};
/* End PBXSourcesBuildPhase section */

/* Begin PBXTargetDependency section */
		66607F3919DCF84E000DC2A1 /* PBXTargetDependency */ = {
			isa = PBXTargetDependency;
			target = 66607F1A19DCF84E000DC2A1 /* bartndrapp */;
			targetProxy = 66607F3819DCF84E000DC2A1 /* PBXContainerItemProxy */;
		};
/* End PBXTargetDependency section */

/* Begin PBXVariantGroup section */
		66607F2B19DCF84E000DC2A1 /* Main.storyboard */ = {
			isa = PBXVariantGroup;
			children = (
				66607F2C19DCF84E000DC2A1 /* Base */,
			);
			name = Main.storyboard;
			sourceTree = "<group>";
		};
		66607F3019DCF84E000DC2A1 /* LaunchScreen.xib */ = {
			isa = PBXVariantGroup;
			children = (
				66607F3119DCF84E000DC2A1 /* Base */,
			);
			name = LaunchScreen.xib;
			sourceTree = "<group>";
		};
/* End PBXVariantGroup section */

/* Begin XCBuildConfiguration section */
		66607F3F19DCF84E000DC2A1 /* Debug */ = {
			isa = XCBuildConfiguration;
			buildSettings = {
				ALWAYS_SEARCH_USER_PATHS = NO;
				CLANG_CXX_LANGUAGE_STANDARD = "gnu++0x";
				CLANG_CXX_LIBRARY = "libc++";
				CLANG_ENABLE_MODULES = YES;
				CLANG_ENABLE_OBJC_ARC = YES;
				CLANG_WARN_BOOL_CONVERSION = YES;
				CLANG_WARN_CONSTANT_CONVERSION = YES;
				CLANG_WARN_DIRECT_OBJC_ISA_USAGE = YES_ERROR;
				CLANG_WARN_EMPTY_BODY = YES;
				CLANG_WARN_ENUM_CONVERSION = YES;
				CLANG_WARN_INT_CONVERSION = YES;
				CLANG_WARN_OBJC_ROOT_CLASS = YES_ERROR;
				CLANG_WARN_UNREACHABLE_CODE = YES;
				CLANG_WARN__DUPLICATE_METHOD_MATCH = YES;
				"CODE_SIGN_IDENTITY[sdk=iphoneos*]" = "iPhone Developer";
				COPY_PHASE_STRIP = NO;
				ENABLE_STRICT_OBJC_MSGSEND = YES;
				GCC_C_LANGUAGE_STANDARD = gnu99;
				GCC_DYNAMIC_NO_PIC = NO;
				GCC_OPTIMIZATION_LEVEL = 0;
				GCC_PREPROCESSOR_DEFINITIONS = (
					"DEBUG=1",
					"$(inherited)",
				);
				GCC_SYMBOLS_PRIVATE_EXTERN = NO;
				GCC_WARN_64_TO_32_BIT_CONVERSION = YES;
				GCC_WARN_ABOUT_RETURN_TYPE = YES_ERROR;
				GCC_WARN_UNDECLARED_SELECTOR = YES;
				GCC_WARN_UNINITIALIZED_AUTOS = YES_AGGRESSIVE;
				GCC_WARN_UNUSED_FUNCTION = YES;
				GCC_WARN_UNUSED_VARIABLE = YES;
				IPHONEOS_DEPLOYMENT_TARGET = 8.0;
				MTL_ENABLE_DEBUG_INFO = YES;
				ONLY_ACTIVE_ARCH = YES;
				SDKROOT = iphoneos;
			};
			name = Debug;
		};
		66607F4019DCF84E000DC2A1 /* Release */ = {
			isa = XCBuildConfiguration;
			buildSettings = {
				ALWAYS_SEARCH_USER_PATHS = NO;
				CLANG_CXX_LANGUAGE_STANDARD = "gnu++0x";
				CLANG_CXX_LIBRARY = "libc++";
				CLANG_ENABLE_MODULES = YES;
				CLANG_ENABLE_OBJC_ARC = YES;
				CLANG_WARN_BOOL_CONVERSION = YES;
				CLANG_WARN_CONSTANT_CONVERSION = YES;
				CLANG_WARN_DIRECT_OBJC_ISA_USAGE = YES_ERROR;
				CLANG_WARN_EMPTY_BODY = YES;
				CLANG_WARN_ENUM_CONVERSION = YES;
				CLANG_WARN_INT_CONVERSION = YES;
				CLANG_WARN_OBJC_ROOT_CLASS = YES_ERROR;
				CLANG_WARN_UNREACHABLE_CODE = YES;
				CLANG_WARN__DUPLICATE_METHOD_MATCH = YES;
				"CODE_SIGN_IDENTITY[sdk=iphoneos*]" = "iPhone Developer";
				COPY_PHASE_STRIP = YES;
				ENABLE_NS_ASSERTIONS = NO;
				ENABLE_STRICT_OBJC_MSGSEND = YES;
				GCC_C_LANGUAGE_STANDARD = gnu99;
				GCC_WARN_64_TO_32_BIT_CONVERSION = YES;
				GCC_WARN_ABOUT_RETURN_TYPE = YES_ERROR;
				GCC_WARN_UNDECLARED_SELECTOR = YES;
				GCC_WARN_UNINITIALIZED_AUTOS = YES_AGGRESSIVE;
				GCC_WARN_UNUSED_FUNCTION = YES;
				GCC_WARN_UNUSED_VARIABLE = YES;
				IPHONEOS_DEPLOYMENT_TARGET = 8.0;
				MTL_ENABLE_DEBUG_INFO = NO;
				SDKROOT = iphoneos;
				VALIDATE_PRODUCT = YES;
			};
			name = Release;
		};
		66607F4219DCF84E000DC2A1 /* Debug */ = {
			isa = XCBuildConfiguration;
			baseConfigurationReference = 573124B86617D549EE96835E /* Pods-bartndrapp.debug.xcconfig */;
			buildSettings = {
				ASSETCATALOG_COMPILER_APPICON_NAME = AppIcon;
				CODE_SIGN_IDENTITY = "iPhone Developer";
				INFOPLIST_FILE = bartndrapp/Info.plist;
				LD_RUNPATH_SEARCH_PATHS = "$(inherited) @executable_path/Frameworks";
				PRODUCT_NAME = "$(TARGET_NAME)";
				TARGETED_DEVICE_FAMILY = 1;
			};
			name = Debug;
		};
		66607F4319DCF84E000DC2A1 /* Release */ = {
			isa = XCBuildConfiguration;
			baseConfigurationReference = 4135CCB632699BB514043965 /* Pods-bartndrapp.release.xcconfig */;
			buildSettings = {
				ASSETCATALOG_COMPILER_APPICON_NAME = AppIcon;
				CODE_SIGN_IDENTITY = "iPhone Developer";
				INFOPLIST_FILE = bartndrapp/Info.plist;
				LD_RUNPATH_SEARCH_PATHS = "$(inherited) @executable_path/Frameworks";
				PRODUCT_NAME = "$(TARGET_NAME)";
				TARGETED_DEVICE_FAMILY = 1;
			};
			name = Release;
		};
		66607F4519DCF84E000DC2A1 /* Debug */ = {
			isa = XCBuildConfiguration;
			buildSettings = {
				BUNDLE_LOADER = "$(TEST_HOST)";
				FRAMEWORK_SEARCH_PATHS = (
					"$(SDKROOT)/Developer/Library/Frameworks",
					"$(inherited)",
				);
				GCC_PREPROCESSOR_DEFINITIONS = (
					"DEBUG=1",
					"$(inherited)",
				);
				INFOPLIST_FILE = bartndrappTests/Info.plist;
				LD_RUNPATH_SEARCH_PATHS = "$(inherited) @executable_path/Frameworks @loader_path/Frameworks";
				PRODUCT_NAME = "$(TARGET_NAME)";
				TEST_HOST = "$(BUILT_PRODUCTS_DIR)/bartndrapp.app/bartndrapp";
			};
			name = Debug;
		};
		66607F4619DCF84E000DC2A1 /* Release */ = {
			isa = XCBuildConfiguration;
			buildSettings = {
				BUNDLE_LOADER = "$(TEST_HOST)";
				FRAMEWORK_SEARCH_PATHS = (
					"$(SDKROOT)/Developer/Library/Frameworks",
					"$(inherited)",
				);
				INFOPLIST_FILE = bartndrappTests/Info.plist;
				LD_RUNPATH_SEARCH_PATHS = "$(inherited) @executable_path/Frameworks @loader_path/Frameworks";
				PRODUCT_NAME = "$(TARGET_NAME)";
				TEST_HOST = "$(BUILT_PRODUCTS_DIR)/bartndrapp.app/bartndrapp";
			};
			name = Release;
		};
/* End XCBuildConfiguration section */

/* Begin XCConfigurationList section */
		66607F1619DCF84E000DC2A1 /* Build configuration list for PBXProject "bartndrapp" */ = {
			isa = XCConfigurationList;
			buildConfigurations = (
				66607F3F19DCF84E000DC2A1 /* Debug */,
				66607F4019DCF84E000DC2A1 /* Release */,
			);
			defaultConfigurationIsVisible = 0;
			defaultConfigurationName = Release;
		};
		66607F4119DCF84E000DC2A1 /* Build configuration list for PBXNativeTarget "bartndrapp" */ = {
			isa = XCConfigurationList;
			buildConfigurations = (
				66607F4219DCF84E000DC2A1 /* Debug */,
				66607F4319DCF84E000DC2A1 /* Release */,
			);
			defaultConfigurationIsVisible = 0;
			defaultConfigurationName = Release;
		};
		66607F4419DCF84E000DC2A1 /* Build configuration list for PBXNativeTarget "bartndrappTests" */ = {
			isa = XCConfigurationList;
			buildConfigurations = (
				66607F4519DCF84E000DC2A1 /* Debug */,
				66607F4619DCF84E000DC2A1 /* Release */,
			);
			defaultConfigurationIsVisible = 0;
			defaultConfigurationName = Release;
		};
/* End XCConfigurationList section */

/* Begin XCVersionGroup section */
		66607F2519DCF84E000DC2A1 /* bartndrapp.xcdatamodeld */ = {
			isa = XCVersionGroup;
			children = (
				66607F2619DCF84E000DC2A1 /* bartndrapp.xcdatamodel */,
			);
			currentVersion = 66607F2619DCF84E000DC2A1 /* bartndrapp.xcdatamodel */;
			path = bartndrapp.xcdatamodeld;
			sourceTree = "<group>";
			versionGroupType = wrapper.xcdatamodel;
		};
/* End XCVersionGroup section */
	};
	rootObject = 66607F1319DCF84E000DC2A1 /* Project object */;
}
